<?xml version="1.0" encoding="utf-8"?>
<Project ToolsVersion="4.0" xmlns="http://schemas.microsoft.com/developer/msbuild/2003">
  <ItemGroup>
    <Filter Include="Form Files">
      <UniqueIdentifier>{99349809-55BA-4b9d-BF79-8FDBB0286EB3}</UniqueIdentifier>
      <Extensions>ui</Extensions>
      <ParseFiles>false</ParseFiles>
    </Filter>
    <Filter Include="Form Files">
      <UniqueIdentifier>{99349809-55BA-4b9d-BF79-8FDBB0286EB3}</UniqueIdentifier>
      <Extensions>ui</Extensions>
      <ParseFiles>false</ParseFiles>
    </Filter>
    <Filter Include="Generated Files">
      <UniqueIdentifier>{71ED8ED8-ACB9-4CE9-BBE1-E00B30144E11}</UniqueIdentifier>
      <Extensions>cpp;c;cxx;moc;h;def;odl;idl;res;</Extensions>
    </Filter>
    <Filter Include="Generated Files">
      <UniqueIdentifier>{71ED8ED8-ACB9-4CE9-BBE1-E00B30144E11}</UniqueIdentifier>
      <Extensions>cpp;c;cxx;moc;h;def;odl;idl;res;</Extensions>
    </Filter>
    <Filter Include="Header Files">
      <UniqueIdentifier>{93995380-89BD-4b04-88EB-625FBE52EBFB}</UniqueIdentifier>
      <Extensions>h;hpp;hxx;hm;inl;inc;xsd</Extensions>
    </Filter>
    <Filter Include="Header Files">
      <UniqueIdentifier>{93995380-89BD-4b04-88EB-625FBE52EBFB}</UniqueIdentifier>
      <Extensions>h;hpp;hxx;hm;inl;inc;xsd</Extensions>
    </Filter>
    <Filter Include="Resource Files">
      <UniqueIdentifier>{D9D6E242-F8AF-46E4-B9FD-80ECBC20BA3E}</UniqueIdentifier>
      <Extensions>qrc;*</Extensions>
      <ParseFiles>false</ParseFiles>
    </Filter>
    <Filter Include="Resource Files">
      <UniqueIdentifier>{D9D6E242-F8AF-46E4-B9FD-80ECBC20BA3E}</UniqueIdentifier>
      <Extensions>qrc;*</Extensions>
      <ParseFiles>false</ParseFiles>
    </Filter>
    <Filter Include="Source Files">
      <UniqueIdentifier>{4FC737F1-C7A5-4376-A066-2A32D752A2FF}</UniqueIdentifier>
      <Extensions>cpp;c;cxx;def;odl;idl;hpj;bat;asm;asmx</Extensions>
    </Filter>
    <Filter Include="Source Files">
      <UniqueIdentifier>{4FC737F1-C7A5-4376-A066-2A32D752A2FF}</UniqueIdentifier>
      <Extensions>cpp;c;cxx;def;odl;idl;hpj;bat;asm;asmx</Extensions>
    </Filter>
    <Filter Include="Generated Files\Debug">
      <UniqueIdentifier>{69ca3ba1-bb86-4641-bbc2-88c9ef7ff340}</UniqueIdentifier>
      <Extensions>cpp;moc</Extensions>
      <SourceControlFiles>False</SourceControlFiles>
    </Filter>
    <Filter Include="Generated Files\Release">
      <UniqueIdentifier>{673613b5-6346-453d-b46f-b545504ad992}</UniqueIdentifier>
      <Extensions>cpp;moc</Extensions>
      <SourceControlFiles>False</SourceControlFiles>
    </Filter>
  </ItemGroup>
  <ItemGroup>
    <ClCompile Include="tools\exceptions\__ex_handler.cpp">
      <Filter>Source Files</Filter>
    </ClCompile>
    <ClCompile Include="sim\__simloop.cpp">
      <Filter>Source Files</Filter>
    </ClCompile>
    <ClCompile Include="audio\__svc_audio.cpp">
      <Filter>Source Files</Filter>
    </ClCompile>
    <ClCompile Include="bus\__svc_bus.cpp">
      <Filter>Source Files</Filter>
    </ClCompile>
    <ClCompile Include="config\__svc_config.cpp">
      <Filter>Source Files</Filter>
    </ClCompile>
    <ClCompile Include="graphics\__svc_graphics.cpp">
      <Filter>Source Files</Filter>
    </ClCompile>
    <ClCompile Include="audio\__svc_music.cpp">
      <Filter>Source Files</Filter>
    </ClCompile>
    <ClCompile Include="sdl\__svc_sdl.cpp">
      <Filter>Source Files</Filter>
    </ClCompile>
    <ClCompile Include="sim\__svc_sim.cpp">
      <Filter>Source Files</Filter>
    </ClCompile>
    <ClCompile Include="audio\__svc_soundfx.cpp">
      <Filter>Source Files</Filter>
    </ClCompile>
    <ClCompile Include="time\__svc_time.cpp">
      <Filter>Source Files</Filter>
    </ClCompile>
    <ClCompile Include="video\__svc_video.cpp">
      <Filter>Source Files</Filter>
    </ClCompile>
    <ClCompile Include="audio\__svc_volume.cpp">
      <Filter>Source Files</Filter>
    </ClCompile>
    <ClCompile Include="__svc_xfalcon.cpp">
      <Filter>Source Files</Filter>
    </ClCompile>
    <ClCompile Include="tools\core\__uinstance.cpp">
      <Filter>Source Files</Filter>
    </ClCompile>
    <ClCompile Include="tools\core\__umem.cpp">
      <Filter>Source Files</Filter>
    </ClCompile>
    <ClCompile Include="tools\core\__unity.cpp">
      <Filter>Source Files</Filter>
    </ClCompile>
    <ClCompile Include="tools\core\__uobject.cpp">
      <Filter>Source Files</Filter>
    </ClCompile>
    <ClCompile Include="tools\core\__uservice.cpp">
      <Filter>Source Files</Filter>
    </ClCompile>
    <ClCompile Include="tools\core\__uthread.cpp">
      <Filter>Source Files</Filter>
    </ClCompile>
    <ClCompile Include="tools\core\__utimer.cpp">
      <Filter>Source Files</Filter>
    </ClCompile>
    <ClCompile Include="audio\audio.cpp">
      <Filter>Source Files</Filter>
    </ClCompile>
    <ClCompile Include="testing\bouh.cpp">
      <Filter>Source Files</Filter>
    </ClCompile>
    <ClCompile Include="bus\bus.cpp">
      <Filter>Source Files</Filter>
    </ClCompile>
    <ClCompile Include="bus\busclient.cpp">
      <Filter>Source Files</Filter>
    </ClCompile>
    <ClCompile Include="config\config.cpp">
      <Filter>Source Files</Filter>
    </ClCompile>
    <ClCompile Include="tools\interfaces\configurable.cpp">
      <Filter>Source Files</Filter>
    </ClCompile>
    <ClCompile Include="tools\console.cpp">
      <Filter>Source Files</Filter>
    </ClCompile>
    <ClCompile Include="graphics\primitive\cube.cpp">
      <Filter>Source Files</Filter>
    </ClCompile>
    <ClCompile Include="tools\exceptions.cpp">
      <Filter>Source Files</Filter>
    </ClCompile>
    <ClCompile Include="video\glout.cpp">
      <Filter>Source Files</Filter>
    </ClCompile>
    <ClCompile Include="graphics\graphics.cpp">
      <Filter>Source Files</Filter>
    </ClCompile>
    <ClCompile Include="tools\interfaces\identifiable.cpp">
      <Filter>Source Files</Filter>
    </ClCompile>
    <ClCompile Include="tools\interfaces\lockable.cpp">
      <Filter>Source Files</Filter>
    </ClCompile>
    <ClCompile Include="main.cpp">
      <Filter>Source Files</Filter>
    </ClCompile>
    <ClCompile Include="graphics\mesh.cpp">
      <Filter>Source Files</Filter>
    </ClCompile>
    <ClCompile Include="audio\music.cpp">
      <Filter>Source Files</Filter>
    </ClCompile>
    <ClCompile Include="graphics\object.cpp">
      <Filter>Source Files</Filter>
    </ClCompile>
    <ClCompile Include="model\object2.cpp">
      <Filter>Source Files</Filter>
    </ClCompile>
    <ClCompile Include="tools\core\proc.cpp">
      <Filter>Source Files</Filter>
    </ClCompile>
    <ClCompile Include="tools\interfaces\runable.cpp">
      <Filter>Source Files</Filter>
    </ClCompile>
    <ClCompile Include="sdl\sdlmain.cpp">
      <Filter>Source Files</Filter>
    </ClCompile>
    <ClCompile Include="sim\sim.cpp">
      <Filter>Source Files</Filter>
    </ClCompile>
    <ClCompile Include="audio\soundfx.cpp">
      <Filter>Source Files</Filter>
    </ClCompile>
    <ClCompile Include="tools\utils\substrings.cpp">
      <Filter>Source Files</Filter>
    </ClCompile>
    <ClCompile Include="tools\thread\thread_qthread.cpp">
      <Filter>Source Files</Filter>
    </ClCompile>
    <ClCompile Include="time\time.cpp">
      <Filter>Source Files</Filter>
    </ClCompile>
    <ClCompile Include="tools\timer\timer_qtimer.cpp">
      <Filter>Source Files</Filter>
    </ClCompile>
    <ClCompile Include="tools\timer\timerloop.cpp">
      <Filter>Source Files</Filter>
    </ClCompile>
    <ClCompile Include="tools\interfaces\traceable.cpp">
      <Filter>Source Files</Filter>
    </ClCompile>
    <ClCompile Include="graphics\triangle.cpp">
      <Filter>Source Files</Filter>
    </ClCompile>
    <ClCompile Include="tools\tty\tty_qtextedit.cpp">
      <Filter>Source Files</Filter>
    </ClCompile>
    <ClCompile Include="tools\tty\tty_windowtitle.cpp">
      <Filter>Source Files</Filter>
    </ClCompile>
    <ClCompile Include="video\video.cpp">
      <Filter>Source Files</Filter>
    </ClCompile>
    <ClCompile Include="audio\volume.cpp">
      <Filter>Source Files</Filter>
    </ClCompile>
    <ClCompile Include="xfalcon.cpp">
      <Filter>Source Files</Filter>
    </ClCompile>
    <ClCompile Include="ui\xfalcon_mfd.cpp">
      <Filter>Source Files</Filter>
    </ClCompile>
    <ClCompile Include="ui\xfalcon_out.cpp">
      <Filter>Source Files</Filter>
    </ClCompile>
    <ClCompile Include="ui\xfwnd.cpp">
      <Filter>Source Files</Filter>
    </ClCompile>
    <ClCompile Include="ui\xfwnd_debug.cpp">
      <Filter>Source Files</Filter>
    </ClCompile>
    <ClCompile Include="ui\xfwnd_setup.cpp">
      <Filter>Source Files</Filter>
    </ClCompile>
    <ClCompile Include="..\bin\Debug\moc_xfwnd_setup.cpp">
      <Filter>Generated Files\Debug</Filter>
    </ClCompile>
    <ClCompile Include="..\bin\Release\moc_xfwnd_setup.cpp">
      <Filter>Generated Files\Release</Filter>
    </ClCompile>
    <ClCompile Include="..\bin\Debug\moc_xfwnd_debug.cpp">
      <Filter>Generated Files\Debug</Filter>
    </ClCompile>
    <ClCompile Include="..\bin\Release\moc_xfwnd_debug.cpp">
      <Filter>Generated Files\Release</Filter>
    </ClCompile>
    <ClCompile Include="..\bin\Debug\moc_xfwnd.cpp">
      <Filter>Generated Files\Debug</Filter>
    </ClCompile>
    <ClCompile Include="..\bin\Release\moc_xfwnd.cpp">
      <Filter>Generated Files\Release</Filter>
    </ClCompile>
    <ClCompile Include="..\bin\Debug\moc_xfalcon_out.cpp">
      <Filter>Generated Files\Debug</Filter>
    </ClCompile>
    <ClCompile Include="..\bin\Release\moc_xfalcon_out.cpp">
      <Filter>Generated Files\Release</Filter>
    </ClCompile>
    <ClCompile Include="..\bin\Debug\moc_xfalcon_mfd.cpp">
      <Filter>Generated Files\Debug</Filter>
    </ClCompile>
    <ClCompile Include="..\bin\Release\moc_xfalcon_mfd.cpp">
      <Filter>Generated Files\Release</Filter>
    </ClCompile>
    <ClCompile Include="..\bin\Debug\moc_timer_qtimer.cpp">
      <Filter>Generated Files\Debug</Filter>
    </ClCompile>
    <ClCompile Include="..\bin\Release\moc_timer_qtimer.cpp">
      <Filter>Generated Files\Release</Filter>
    </ClCompile>
    <ClCompile Include="..\bin\Debug\moc_thread_qthread.cpp">
      <Filter>Generated Files\Debug</Filter>
    </ClCompile>
    <ClCompile Include="..\bin\Release\moc_thread_qthread.cpp">
      <Filter>Generated Files\Release</Filter>
    </ClCompile>
    <ClCompile Include="video\qsfmlcanvas.cpp">
      <Filter>Generated Files</Filter>
    </ClCompile>
    <ClCompile Include="keyboard\__svc_keyboard.cpp">
      <Filter>Generated Files</Filter>
    </ClCompile>
    <ClCompile Include="keyboard\keyboard.cpp">
      <Filter>Generated Files</Filter>
    </ClCompile>
    <ClCompile Include="mouse\__svc_mouse.cpp">
      <Filter>Generated Files</Filter>
    </ClCompile>
    <ClCompile Include="mouse\mouse.cpp">
      <Filter>Generated Files</Filter>
    </ClCompile>
    <ClCompile Include="tools\thread\thread_sfml.cpp">
      <Filter>Generated Files</Filter>
    </ClCompile>
  </ItemGroup>
  <ItemGroup>
    <ClInclude Include="tools\console\__console.h">
      <Filter>Header Files</Filter>
    </ClInclude>
    <ClInclude Include="tools\exceptions\__ex_handler.h">
      <Filter>Header Files</Filter>
    </ClInclude>
    <ClInclude Include="audio\__svc_audio.h">
      <Filter>Header Files</Filter>
    </ClInclude>
    <ClInclude Include="bus\__svc_bus.h">
      <Filter>Header Files</Filter>
    </ClInclude>
    <ClInclude Include="config\__svc_config.h">
      <Filter>Header Files</Filter>
    </ClInclude>
    <ClInclude Include="graphics\__svc_graphics.h">
      <Filter>Header Files</Filter>
    </ClInclude>
    <ClInclude Include="keyboard\__svc_keyboard.h">
      <Filter>Header Files</Filter>
    </ClInclude>
    <ClInclude Include="audio\__svc_music.h">
      <Filter>Header Files</Filter>
    </ClInclude>
    <ClInclude Include="sdl\__svc_sdl.h">
      <Filter>Header Files</Filter>
    </ClInclude>
    <ClInclude Include="sim\__svc_sim.h">
      <Filter>Header Files</Filter>
    </ClInclude>
    <ClInclude Include="audio\__svc_soundfx.h">
      <Filter>Header Files</Filter>
    </ClInclude>
    <ClInclude Include="time\__svc_time.h">
      <Filter>Header Files</Filter>
    </ClInclude>
    <ClInclude Include="video\__svc_video.h">
      <Filter>Header Files</Filter>
    </ClInclude>
    <ClInclude Include="audio\__svc_volume.h">
      <Filter>Header Files</Filter>
    </ClInclude>
    <ClInclude Include="__svc_xfalcon.h">
      <Filter>Header Files</Filter>
    </ClInclude>
    <ClInclude Include="tools\core\__uinstance.h">
      <Filter>Header Files</Filter>
    </ClInclude>
    <ClInclude Include="tools\core\__umem.h">
      <Filter>Header Files</Filter>
    </ClInclude>
    <ClInclude Include="tools\core\__unity.h">
      <Filter>Header Files</Filter>
    </ClInclude>
    <ClInclude Include="tools\core\__uobject.h">
      <Filter>Header Files</Filter>
    </ClInclude>
    <ClInclude Include="tools\core\__uservice.h">
      <Filter>Header Files</Filter>
    </ClInclude>
    <ClInclude Include="tools\core\__uthread.h">
      <Filter>Header Files</Filter>
    </ClInclude>
    <ClInclude Include="tools\core\__utimer.h">
      <Filter>Header Files</Filter>
    </ClInclude>
    <ClInclude Include="tools\api.h">
      <Filter>Header Files</Filter>
    </ClInclude>
    <ClInclude Include="audio\audio.h">
      <Filter>Header Files</Filter>
    </ClInclude>
    <ClInclude Include="bus\bus.h">
      <Filter>Header Files</Filter>
    </ClInclude>
    <ClInclude Include="bus\busclient.h">
      <Filter>Header Files</Filter>
    </ClInclude>
    <ClInclude Include="bus\busdata.h">
      <Filter>Header Files</Filter>
    </ClInclude>
    <ClInclude Include="bus\busdefine.h">
      <Filter>Header Files</Filter>
    </ClInclude>
    <ClInclude Include="audio\channels.h">
      <Filter>Header Files</Filter>
    </ClInclude>
    <ClInclude Include="tools\interfaces\collection.h">
      <Filter>Header Files</Filter>
    </ClInclude>
    <ClInclude Include="config\config.h">
      <Filter>Header Files</Filter>
    </ClInclude>
    <ClInclude Include="tools\interfaces\configurable.h">
      <Filter>Header Files</Filter>
    </ClInclude>
    <ClInclude Include="tools\console.h">
      <Filter>Header Files</Filter>
    </ClInclude>
    <ClInclude Include="tools\containers\container_indexedlist.h">
      <Filter>Header Files</Filter>
    </ClInclude>
    <ClInclude Include="tools\containers.h">
      <Filter>Header Files</Filter>
    </ClInclude>
    <ClInclude Include="tools\utils\convert.h">
      <Filter>Header Files</Filter>
    </ClInclude>
    <ClInclude Include="graphics\primitive\cube.h">
      <Filter>Header Files</Filter>
    </ClInclude>
    <ClInclude Include="config\datatypes.h">
      <Filter>Header Files</Filter>
    </ClInclude>
    <ClInclude Include="model\parts\engine.h">
      <Filter>Header Files</Filter>
    </ClInclude>
    <ClInclude Include="tools\enums.h">
      <Filter>Header Files</Filter>
    </ClInclude>
    <ClInclude Include="tools\exceptions.h">
      <Filter>Header Files</Filter>
    </ClInclude>
    <ClInclude Include="tools\interfaces\executable.h">
      <Filter>Header Files</Filter>
    </ClInclude>
    <ClInclude Include="model\parts\externalfueltank.h">
      <Filter>Header Files</Filter>
    </ClInclude>
    <ClInclude Include="graphics\obj\face3.h">
      <Filter>Header Files</Filter>
    </ClInclude>
    <ClInclude Include="model\parts\fueltank.h">
      <Filter>Header Files</Filter>
    </ClInclude>
    <ClInclude Include="graphics\graphics.h">
      <Filter>Header Files</Filter>
    </ClInclude>
    <ClInclude Include="tools\interfaces\identifiable.h">
      <Filter>Header Files</Filter>
    </ClInclude>
    <ClInclude Include="tools\interfaces\indexable.h">
      <Filter>Header Files</Filter>
    </ClInclude>
    <ClInclude Include="tools\interfaces.h">
      <Filter>Header Files</Filter>
    </ClInclude>
    <ClInclude Include="tools\interfaces\lockable.h">
      <Filter>Header Files</Filter>
    </ClInclude>
    <ClInclude Include="tools\interfaces\loop.h">
      <Filter>Header Files</Filter>
    </ClInclude>
    <ClInclude Include="tools\maths.h">
      <Filter>Header Files</Filter>
    </ClInclude>
    <ClInclude Include="graphics\mesh.h">
      <Filter>Header Files</Filter>
    </ClInclude>
    <ClInclude Include="graphics\meshformat.h">
      <Filter>Header Files</Filter>
    </ClInclude>
    <ClInclude Include="model\movable.h">
      <Filter>Header Files</Filter>
    </ClInclude>
    <ClInclude Include="audio\music.h">
      <Filter>Header Files</Filter>
    </ClInclude>
    <ClInclude Include="graphics\object.h">
      <Filter>Header Files</Filter>
    </ClInclude>
    <ClInclude Include="model\object2.h">
      <Filter>Header Files</Filter>
    </ClInclude>
    <ClInclude Include="config\params.h">
      <Filter>Header Files</Filter>
    </ClInclude>
    <ClInclude Include="config\paths.h">
      <Filter>Header Files</Filter>
    </ClInclude>
    <ClInclude Include="model\positioned.h">
      <Filter>Header Files</Filter>
    </ClInclude>
    <ClInclude Include="tools\proc.h">
      <Filter>Header Files</Filter>
    </ClInclude>
    <ClInclude Include="tools\interfaces\readonly.h">
      <Filter>Header Files</Filter>
    </ClInclude>
    <ClInclude Include="tools\return.h">
      <Filter>Header Files</Filter>
    </ClInclude>
    <ClInclude Include="tools\interfaces\runable.h">
      <Filter>Header Files</Filter>
    </ClInclude>
    <ClInclude Include="sdl\sdlmain.h">
      <Filter>Header Files</Filter>
    </ClInclude>
    <ClInclude Include="services.h">
      <Filter>Header Files</Filter>
    </ClInclude>
    <ClInclude Include="config\settings.h">
      <Filter>Header Files</Filter>
    </ClInclude>
    <ClInclude Include="sim\sim.h">
      <Filter>Header Files</Filter>
    </ClInclude>
    <ClInclude Include="tools\interfaces\single.h">
      <Filter>Header Files</Filter>
    </ClInclude>
    <ClInclude Include="audio\soundfx.h">
      <Filter>Header Files</Filter>
    </ClInclude>
    <ClInclude Include="audio\sounds.h">
      <Filter>Header Files</Filter>
    </ClInclude>
    <ClInclude Include="graphics\obj\specs.h">
      <Filter>Header Files</Filter>
    </ClInclude>
    <ClInclude Include="tools\interfaces\stringable.h">
      <Filter>Header Files</Filter>
    </ClInclude>
    <ClInclude Include="tools\utils\substrings.h">
      <Filter>Header Files</Filter>
    </ClInclude>
    <CustomBuild Include="tools\thread\thread_qthread.h">
      <Filter>Header Files</Filter>
    </CustomBuild>
    <ClInclude Include="time\time.h">
      <Filter>Header Files</Filter>
    </ClInclude>
    <CustomBuild Include="tools\timer\timer_qtimer.h">
      <Filter>Header Files</Filter>
    </CustomBuild>
    <ClInclude Include="tools\timer\timerloop.h">
      <Filter>Header Files</Filter>
    </ClInclude>
    <ClInclude Include="tools\interfaces\traceable.h">
      <Filter>Header Files</Filter>
    </ClInclude>
    <ClInclude Include="graphics\triangle.h">
      <Filter>Header Files</Filter>
    </ClInclude>
    <ClInclude Include="tools\tty\tty_qtextedit.h">
      <Filter>Header Files</Filter>
    </ClInclude>
    <ClInclude Include="tools\tty\tty_windowtitle.h">
      <Filter>Header Files</Filter>
    </ClInclude>
    <ClInclude Include="tools\unity_engine.h">
      <Filter>Header Files</Filter>
    </ClInclude>
    <ClInclude Include="tools\utils.h">
      <Filter>Header Files</Filter>
    </ClInclude>
    <ClInclude Include="graphics\vector2d.h">
      <Filter>Header Files</Filter>
    </ClInclude>
    <ClInclude Include="graphics\vector3d.h">
      <Filter>Header Files</Filter>
    </ClInclude>
    <ClInclude Include="tools\version.h">
      <Filter>Header Files</Filter>
    </ClInclude>
    <ClInclude Include="version.h">
      <Filter>Header Files</Filter>
    </ClInclude>
    <ClInclude Include="graphics\obj\vertexref.h">
      <Filter>Header Files</Filter>
    </ClInclude>
    <ClInclude Include="video\video.h">
      <Filter>Header Files</Filter>
    </ClInclude>
    <ClInclude Include="audio\volume.h">
      <Filter>Header Files</Filter>
    </ClInclude>
    <ClInclude Include="xfalcon.h">
      <Filter>Header Files</Filter>
    </ClInclude>
    <CustomBuild Include="ui\xfalcon_mfd.h">
      <Filter>Header Files</Filter>
    </CustomBuild>
    <CustomBuild Include="ui\xfalcon_out.h">
      <Filter>Header Files</Filter>
    </CustomBuild>
    <CustomBuild Include="ui\xfwnd.h">
      <Filter>Header Files</Filter>
    </CustomBuild>
    <CustomBuild Include="ui\xfwnd_debug.h">
      <Filter>Header Files</Filter>
    </CustomBuild>
    <CustomBuild Include="ui\xfwnd_setup.h">
      <Filter>Header Files</Filter>
    </CustomBuild>
    <ClInclude Include="..\bin\$(ConfigurationName)\ui_xfalcon_mfd.h">
      <Filter>Generated Files</Filter>
    </ClInclude>
    <ClInclude Include="..\bin\$(ConfigurationName)\ui_xfalcon_out.h">
      <Filter>Generated Files</Filter>
    </ClInclude>
    <ClInclude Include="..\bin\$(ConfigurationName)\ui_xfwnd.h">
      <Filter>Generated Files</Filter>
    </ClInclude>
    <ClInclude Include="..\bin\$(ConfigurationName)\ui_xfwnd_debug.h">
      <Filter>Generated Files</Filter>
    </ClInclude>
    <ClInclude Include="..\bin\$(ConfigurationName)\ui_xfwnd_setup.h">
      <Filter>Generated Files</Filter>
    </ClInclude>
    <ClInclude Include="video\qsfmlcanvas.h">
      <Filter>Generated Files</Filter>
    </ClInclude>
    <ClInclude Include="bus\bustypes.h">
      <Filter>Generated Files</Filter>
    </ClInclude>
    <ClInclude Include="keyboard\keyboard.h">
      <Filter>Generated Files</Filter>
    </ClInclude>
    <ClInclude Include="mouse\__svc_mouse.h">
      <Filter>Generated Files</Filter>
    </ClInclude>
    <ClInclude Include="mouse\mouse.h">
      <Filter>Generated Files</Filter>
    </ClInclude>
    <ClInclude Include="bus\busmutex.h">
      <Filter>Generated Files</Filter>
    </ClInclude>
    <ClInclude Include="tools\thread\thread_sfml.h">
      <Filter>Generated Files</Filter>
    </ClInclude>
    <ClInclude Include="tools\thread\mutex.h">
      <Filter>Generated Files</Filter>
    </ClInclude>
    <ClInclude Include="tools\thread\sharplock.h">
      <Filter>Generated Files</Filter>
    </ClInclude>
    <ClInclude Include="tools\threading.h">
      <Filter>Generated Files</Filter>
    </ClInclude>
  </ItemGroup>
  <ItemGroup>
    <CustomBuild Include="ui\xfalcon_mfd.ui">
      <Filter>Form Files</Filter>
    </CustomBuild>
    <CustomBuild Include="ui\xfalcon_out.ui">
      <Filter>Form Files</Filter>
    </CustomBuild>
    <CustomBuild Include="ui\xfwnd.ui">
      <Filter>Form Files</Filter>
    </CustomBuild>
    <CustomBuild Include="ui\xfwnd_debug.ui">
      <Filter>Form Files</Filter>
    </CustomBuild>
    <CustomBuild Include="ui\xfwnd_setup.ui">
      <Filter>Form Files</Filter>
    </CustomBuild>
    <CustomBuild Include="video\glout.h">
      <Filter>Header Files</Filter>
    </CustomBuild>
  </ItemGroup>
  <ItemGroup>
    <None Include="res\img\back0.jpg">
      <Filter>Resource Files</Filter>
    </None>
    <None Include="res\img\back1.jpg">
      <Filter>Resource Files</Filter>
    </None>
    <None Include="tools\unity.smproj" />
    <None Include="xfalcon.smproj" />
    <None Include="tools\changelog.txt" />
  </ItemGroup>
</Project>